
Microsoft Visual Studio Solution File, Format Version 12.00
# Visual Studio Version 17
VisualStudioVersion = 17.1.32210.238
MinimumVisualStudioVersion = 10.0.40219.1
Project("{2150E333-8FDC-42A3-9474-1A3956D46DE8}") = "Service", "Service", "{CDABE6E9-84E4-4B3D-84CE-D2E0F37D775A}"
EndProject
Project("{FAE04EC0-301F-11D3-BF4B-00C04F79EFBC}") = "Service.CoreApi", "Service\Service.CoreApi\Service.CoreApi.csproj", "{312890F2-67E8-4BA2-BFAB-48F93F572FBD}"
EndProject
Global
	GlobalSection(SolutionConfigurationPlatforms) = preSolution
		Debug|Any CPU = Debug|Any CPU
		Release|Any CPU = Release|Any CPU
	EndGlobalSection
	GlobalSection(ProjectConfigurationPlatforms) = postSolution
		{312890F2-67E8-4BA2-BFAB-48F93F572FBD}.Debug|Any CPU.ActiveCfg = Debug|Any CPU
		{312890F2-67E8-4BA2-BFAB-48F93F572FBD}.Debug|Any CPU.Build.0 = Debug|Any CPU
		{312890F2-67E8-4BA2-BFAB-48F93F572FBD}.Release|Any CPU.ActiveCfg = Release|Any CPU
		{312890F2-67E8-4BA2-BFAB-48F93F572FBD}.Release|Any CPU.Build.0 = Release|Any CPU
	EndGlobalSection
	GlobalSection(SolutionProperties) = preSolution
		HideSolutionNode = FALSE
	EndGlobalSection
	GlobalSection(NestedProjects) = preSolution
		{312890F2-67E8-4BA2-BFAB-48F93F572FBD} = {CDABE6E9-84E4-4B3D-84CE-D2E0F37D775A}
	EndGlobalSection
	GlobalSection(ExtensibilityGlobals) = postSolution
		SolutionGuid = {FFBD3A70-E21C-49F2-B13D-98F83539769A}
	EndGlobalSection
EndGlobal
